
Microsoft Visual Studio Solution File, Format Version 12.00
# Visual Studio Version 16
VisualStudioVersion = 16.0.32428.217
MinimumVisualStudioVersion = 10.0.40219.1
Project("{FAE04EC0-301F-11D3-BF4B-00C04F79EFBC}") = "Mythrail Launcher", "Mythrail Launcher.csproj", "{E89854B8-8A65-4C3D-944F-D531C4ED2403}"
EndProject
Global
	GlobalSection(SolutionConfigurationPlatforms) = preSolution
		Debug|Any CPU = Debug|Any CPU
		Release|Any CPU = Release|Any CPU
	EndGlobalSection
	GlobalSection(ProjectConfigurationPlatforms) = postSolution
		{E89854B8-8A65-4C3D-944F-D531C4ED2403}.Debug|Any CPU.ActiveCfg = Debug|Any CPU
		{E89854B8-8A65-4C3D-944F-D531C4ED2403}.Debug|Any CPU.Build.0 = Debug|Any CPU
		{E89854B8-8A65-4C3D-944F-D531C4ED2403}.Release|Any CPU.ActiveCfg = Release|Any CPU
		{E89854B8-8A65-4C3D-944F-D531C4ED2403}.Release|Any CPU.Build.0 = Release|Any CPU
	EndGlobalSection
	GlobalSection(SolutionProperties) = preSolution
		HideSolutionNode = FALSE
	EndGlobalSection
	GlobalSection(ExtensibilityGlobals) = postSolution
		SolutionGuid = {E75C49EC-E04B-4F65-8307-85EEFCC0AD3C}
	EndGlobalSection
EndGlobal
